
Microsoft Visual Studio Solution File, Format Version 12.00
# Visual Studio Version 17
VisualStudioVersion = 17.6.33801.468
MinimumVisualStudioVersion = 10.0.40219.1
Project("{9A19103F-16F7-4668-BE54-9A1E7A4F7556}") = "Business", "Business\Business.csproj", "{38AD9BB2-BB7C-42BC-9F61-8D974553382E}"
EndProject
Project("{9A19103F-16F7-4668-BE54-9A1E7A4F7556}") = "DataAccess", "DataAccess\DataAccess.csproj", "{AC411FEE-1B92-4D59-989F-4F53CB6612D0}"
EndProject
Project("{9A19103F-16F7-4668-BE54-9A1E7A4F7556}") = "Entities", "Entity\Entities.csproj", "{3165EBB3-9544-4498-AA4E-B0D64070AC09}"
EndProject
Project("{9A19103F-16F7-4668-BE54-9A1E7A4F7556}") = "ConsoleUI", "ConsoleUI\ConsoleUI.csproj", "{4B37FCF6-D252-4353-9DEE-AC4B9D9E8295}"
EndProject
Project("{FAE04EC0-301F-11D3-BF4B-00C04F79EFBC}") = "Core", "Core\Core.csproj", "{B6E61A57-CEB4-4457-811E-E4028F461B2D}"
EndProject
Global
	GlobalSection(SolutionConfigurationPlatforms) = preSolution
		Debug|Any CPU = Debug|Any CPU
		Release|Any CPU = Release|Any CPU
	EndGlobalSection
	GlobalSection(ProjectConfigurationPlatforms) = postSolution
		{38AD9BB2-BB7C-42BC-9F61-8D974553382E}.Debug|Any CPU.ActiveCfg = Debug|Any CPU
		{38AD9BB2-BB7C-42BC-9F61-8D974553382E}.Debug|Any CPU.Build.0 = Debug|Any CPU
		{38AD9BB2-BB7C-42BC-9F61-8D974553382E}.Release|Any CPU.ActiveCfg = Release|Any CPU
		{38AD9BB2-BB7C-42BC-9F61-8D974553382E}.Release|Any CPU.Build.0 = Release|Any CPU
		{AC411FEE-1B92-4D59-989F-4F53CB6612D0}.Debug|Any CPU.ActiveCfg = Debug|Any CPU
		{AC411FEE-1B92-4D59-989F-4F53CB6612D0}.Debug|Any CPU.Build.0 = Debug|Any CPU
		{AC411FEE-1B92-4D59-989F-4F53CB6612D0}.Release|Any CPU.ActiveCfg = Release|Any CPU
		{AC411FEE-1B92-4D59-989F-4F53CB6612D0}.Release|Any CPU.Build.0 = Release|Any CPU
		{3165EBB3-9544-4498-AA4E-B0D64070AC09}.Debug|Any CPU.ActiveCfg = Debug|Any CPU
		{3165EBB3-9544-4498-AA4E-B0D64070AC09}.Debug|Any CPU.Build.0 = Debug|Any CPU
		{3165EBB3-9544-4498-AA4E-B0D64070AC09}.Release|Any CPU.ActiveCfg = Release|Any CPU
		{3165EBB3-9544-4498-AA4E-B0D64070AC09}.Release|Any CPU.Build.0 = Release|Any CPU
		{4B37FCF6-D252-4353-9DEE-AC4B9D9E8295}.Debug|Any CPU.ActiveCfg = Debug|Any CPU
		{4B37FCF6-D252-4353-9DEE-AC4B9D9E8295}.Debug|Any CPU.Build.0 = Debug|Any CPU
		{4B37FCF6-D252-4353-9DEE-AC4B9D9E8295}.Release|Any CPU.ActiveCfg = Release|Any CPU
		{4B37FCF6-D252-4353-9DEE-AC4B9D9E8295}.Release|Any CPU.Build.0 = Release|Any CPU
		{B6E61A57-CEB4-4457-811E-E4028F461B2D}.Debug|Any CPU.ActiveCfg = Debug|Any CPU
		{B6E61A57-CEB4-4457-811E-E4028F461B2D}.Debug|Any CPU.Build.0 = Debug|Any CPU
		{B6E61A57-CEB4-4457-811E-E4028F461B2D}.Release|Any CPU.ActiveCfg = Release|Any CPU
		{B6E61A57-CEB4-4457-811E-E4028F461B2D}.Release|Any CPU.Build.0 = Release|Any CPU
	EndGlobalSection
	GlobalSection(SolutionProperties) = preSolution
		HideSolutionNode = FALSE
	EndGlobalSection
	GlobalSection(ExtensibilityGlobals) = postSolution
		SolutionGuid = {DC3B8056-F0EA-441C-B019-04C2543D91AC}
	EndGlobalSection
EndGlobal
